
Microsoft Visual Studio Solution File, Format Version 12.00
# Visual Studio Version 17
VisualStudioVersion = 17.9.34723.18
MinimumVisualStudioVersion = 10.0.40219.1
Project("{FAE04EC0-301F-11D3-BF4B-00C04F79EFBC}") = "SolidDemo", "SolidDemo\SolidDemo.csproj", "{A7945CB8-6711-40D5-AA1F-91A8ED21131B}"
EndProject
Global
	GlobalSection(SolutionConfigurationPlatforms) = preSolution
		Debug|Any CPU = Debug|Any CPU
		Release|Any CPU = Release|Any CPU
	EndGlobalSection
	GlobalSection(ProjectConfigurationPlatforms) = postSolution
		{A7945CB8-6711-40D5-AA1F-91A8ED21131B}.Debug|Any CPU.ActiveCfg = Debug|Any CPU
		{A7945CB8-6711-40D5-AA1F-91A8ED21131B}.Debug|Any CPU.Build.0 = Debug|Any CPU
		{A7945CB8-6711-40D5-AA1F-91A8ED21131B}.Release|Any CPU.ActiveCfg = Release|Any CPU
		{A7945CB8-6711-40D5-AA1F-91A8ED21131B}.Release|Any CPU.Build.0 = Release|Any CPU
	EndGlobalSection
	GlobalSection(SolutionProperties) = preSolution
		HideSolutionNode = FALSE
	EndGlobalSection
	GlobalSection(ExtensibilityGlobals) = postSolution
		SolutionGuid = {C2130BB8-7B49-44A6-95D1-942E33F8DD3F}
	EndGlobalSection
EndGlobal
